
Microsoft Visual Studio Solution File, Format Version 12.00
# Visual Studio Version 17
VisualStudioVersion = 17.5.33530.505
MinimumVisualStudioVersion = 10.0.40219.1
Project("{FAE04EC0-301F-11D3-BF4B-00C04F79EFBC}") = "ReturnCarriageAndNewline", "ReturnCarriageAndNewline\ReturnCarriageAndNewline.csproj", "{30F2B0CD-213D-4956-AA80-B38D96F3DC10}"
EndProject
Global
	GlobalSection(SolutionConfigurationPlatforms) = preSolution
		Debug|Any CPU = Debug|Any CPU
		Release|Any CPU = Release|Any CPU
	EndGlobalSection
	GlobalSection(ProjectConfigurationPlatforms) = postSolution
		{30F2B0CD-213D-4956-AA80-B38D96F3DC10}.Debug|Any CPU.ActiveCfg = Debug|Any CPU
		{30F2B0CD-213D-4956-AA80-B38D96F3DC10}.Debug|Any CPU.Build.0 = Debug|Any CPU
		{30F2B0CD-213D-4956-AA80-B38D96F3DC10}.Release|Any CPU.ActiveCfg = Release|Any CPU
		{30F2B0CD-213D-4956-AA80-B38D96F3DC10}.Release|Any CPU.Build.0 = Release|Any CPU
	EndGlobalSection
	GlobalSection(SolutionProperties) = preSolution
		HideSolutionNode = FALSE
	EndGlobalSection
	GlobalSection(ExtensibilityGlobals) = postSolution
		SolutionGuid = {18769320-D263-4FD4-88CA-59B6FA72F976}
	EndGlobalSection
EndGlobal
